
Microsoft Visual Studio Solution File, Format Version 12.00
# Visual Studio Version 16
VisualStudioVersion = 16.0.31829.152
MinimumVisualStudioVersion = 10.0.40219.1
Project("{9A19103F-16F7-4668-BE54-9A1E7A4F7556}") = "FirstNameUserRegistration", "UC1UserRegistration\FirstNameUserRegistration.csproj", "{03C15515-681F-48C8-BBA1-30B55C9ADCD2}"
EndProject
Project("{9A19103F-16F7-4668-BE54-9A1E7A4F7556}") = "MsTest", "MsTest\MsTest.csproj", "{6AA365B3-0E45-4AB0-9F8F-D63AFF592A5B}"
EndProject
Global
	GlobalSection(SolutionConfigurationPlatforms) = preSolution
		Debug|Any CPU = Debug|Any CPU
		Release|Any CPU = Release|Any CPU
	EndGlobalSection
	GlobalSection(ProjectConfigurationPlatforms) = postSolution
		{03C15515-681F-48C8-BBA1-30B55C9ADCD2}.Debug|Any CPU.ActiveCfg = Debug|Any CPU
		{03C15515-681F-48C8-BBA1-30B55C9ADCD2}.Debug|Any CPU.Build.0 = Debug|Any CPU
		{03C15515-681F-48C8-BBA1-30B55C9ADCD2}.Release|Any CPU.ActiveCfg = Release|Any CPU
		{03C15515-681F-48C8-BBA1-30B55C9ADCD2}.Release|Any CPU.Build.0 = Release|Any CPU
		{6AA365B3-0E45-4AB0-9F8F-D63AFF592A5B}.Debug|Any CPU.ActiveCfg = Debug|Any CPU
		{6AA365B3-0E45-4AB0-9F8F-D63AFF592A5B}.Debug|Any CPU.Build.0 = Debug|Any CPU
		{6AA365B3-0E45-4AB0-9F8F-D63AFF592A5B}.Release|Any CPU.ActiveCfg = Release|Any CPU
		{6AA365B3-0E45-4AB0-9F8F-D63AFF592A5B}.Release|Any CPU.Build.0 = Release|Any CPU
	EndGlobalSection
	GlobalSection(SolutionProperties) = preSolution
		HideSolutionNode = FALSE
	EndGlobalSection
	GlobalSection(ExtensibilityGlobals) = postSolution
		SolutionGuid = {004B2102-B9D7-4EAB-A0B7-A5065D0703A4}
	EndGlobalSection
EndGlobal
