
Microsoft Visual Studio Solution File, Format Version 12.00
# Visual Studio Version 16
VisualStudioVersion = 16.0.31829.152
MinimumVisualStudioVersion = 10.0.40219.1
Project("{9A19103F-16F7-4668-BE54-9A1E7A4F7556}") = "MobileNumberUserRegistration", "Uc4UserRegistration\MobileNumberUserRegistration.csproj", "{C627A896-CDE1-42CF-9505-F6144C6FEE68}"
EndProject
Project("{9A19103F-16F7-4668-BE54-9A1E7A4F7556}") = "MSTestProject", "MSTestProject\MSTestProject.csproj", "{36F89F8A-FC12-4CF9-AAFF-E4C26A0AD9EE}"
EndProject
Global
	GlobalSection(SolutionConfigurationPlatforms) = preSolution
		Debug|Any CPU = Debug|Any CPU
		Release|Any CPU = Release|Any CPU
	EndGlobalSection
	GlobalSection(ProjectConfigurationPlatforms) = postSolution
		{C627A896-CDE1-42CF-9505-F6144C6FEE68}.Debug|Any CPU.ActiveCfg = Debug|Any CPU
		{C627A896-CDE1-42CF-9505-F6144C6FEE68}.Debug|Any CPU.Build.0 = Debug|Any CPU
		{C627A896-CDE1-42CF-9505-F6144C6FEE68}.Release|Any CPU.ActiveCfg = Release|Any CPU
		{C627A896-CDE1-42CF-9505-F6144C6FEE68}.Release|Any CPU.Build.0 = Release|Any CPU
		{36F89F8A-FC12-4CF9-AAFF-E4C26A0AD9EE}.Debug|Any CPU.ActiveCfg = Debug|Any CPU
		{36F89F8A-FC12-4CF9-AAFF-E4C26A0AD9EE}.Debug|Any CPU.Build.0 = Debug|Any CPU
		{36F89F8A-FC12-4CF9-AAFF-E4C26A0AD9EE}.Release|Any CPU.ActiveCfg = Release|Any CPU
		{36F89F8A-FC12-4CF9-AAFF-E4C26A0AD9EE}.Release|Any CPU.Build.0 = Release|Any CPU
	EndGlobalSection
	GlobalSection(SolutionProperties) = preSolution
		HideSolutionNode = FALSE
	EndGlobalSection
	GlobalSection(ExtensibilityGlobals) = postSolution
		SolutionGuid = {D3FC6F44-2215-40B5-ACFA-11DC2E59EDB1}
	EndGlobalSection
EndGlobal
