
Microsoft Visual Studio Solution File, Format Version 12.00
# Visual Studio Version 16
VisualStudioVersion = 16.0.31829.152
MinimumVisualStudioVersion = 10.0.40219.1
Project("{9A19103F-16F7-4668-BE54-9A1E7A4F7556}") = "Password1UserRegistration", "Uc5UserRegistration\Password1UserRegistration.csproj", "{35A4D8DC-BBD2-4301-8A8A-254441112162}"
EndProject
Project("{9A19103F-16F7-4668-BE54-9A1E7A4F7556}") = "MsTestProject", "MsTestProject\MsTestProject.csproj", "{53D30857-1975-4A5A-ACD3-7B606595FCFF}"
EndProject
Global
	GlobalSection(SolutionConfigurationPlatforms) = preSolution
		Debug|Any CPU = Debug|Any CPU
		Release|Any CPU = Release|Any CPU
	EndGlobalSection
	GlobalSection(ProjectConfigurationPlatforms) = postSolution
		{35A4D8DC-BBD2-4301-8A8A-254441112162}.Debug|Any CPU.ActiveCfg = Debug|Any CPU
		{35A4D8DC-BBD2-4301-8A8A-254441112162}.Debug|Any CPU.Build.0 = Debug|Any CPU
		{35A4D8DC-BBD2-4301-8A8A-254441112162}.Release|Any CPU.ActiveCfg = Release|Any CPU
		{35A4D8DC-BBD2-4301-8A8A-254441112162}.Release|Any CPU.Build.0 = Release|Any CPU
		{53D30857-1975-4A5A-ACD3-7B606595FCFF}.Debug|Any CPU.ActiveCfg = Debug|Any CPU
		{53D30857-1975-4A5A-ACD3-7B606595FCFF}.Debug|Any CPU.Build.0 = Debug|Any CPU
		{53D30857-1975-4A5A-ACD3-7B606595FCFF}.Release|Any CPU.ActiveCfg = Release|Any CPU
		{53D30857-1975-4A5A-ACD3-7B606595FCFF}.Release|Any CPU.Build.0 = Release|Any CPU
	EndGlobalSection
	GlobalSection(SolutionProperties) = preSolution
		HideSolutionNode = FALSE
	EndGlobalSection
	GlobalSection(ExtensibilityGlobals) = postSolution
		SolutionGuid = {03592CB3-E579-4B47-8A51-2B9EB3997E6E}
	EndGlobalSection
EndGlobal
